// !$*UTF8*$!
{
	archiveVersion = 1;
	classes = {
	};
	objectVersion = 56;
	objects = {

/* Begin PBXBuildFile section */
		DDBE2ECE2B91196100877F78 /* LoginView.swift in Sources */ = {isa = PBXBuildFile; fileRef = DDBE2ECD2B91196100877F78 /* LoginView.swift */; };
		DDBE2ED22B911A5B00877F78 /* InputTextFieldView.swift in Sources */ = {isa = PBXBuildFile; fileRef = DDBE2ED12B911A5B00877F78 /* InputTextFieldView.swift */; };
		DDBE2ED52B911D8200877F78 /* PreviewLayoutComponentModifier.swift in Sources */ = {isa = PBXBuildFile; fileRef = DDBE2ED42B911D8200877F78 /* PreviewLayoutComponentModifier.swift */; };
		DDD1EBD22B8FBBB700C51920 /* DatabaseTestingApp.swift in Sources */ = {isa = PBXBuildFile; fileRef = DDD1EBD12B8FBBB700C51920 /* DatabaseTestingApp.swift */; };
		DDD1EBD62B8FBBB900C51920 /* Assets.xcassets in Resources */ = {isa = PBXBuildFile; fileRef = DDD1EBD52B8FBBB900C51920 /* Assets.xcassets */; };
		DDD1EBD92B8FBBB900C51920 /* Preview Assets.xcassets in Resources */ = {isa = PBXBuildFile; fileRef = DDD1EBD82B8FBBB900C51920 /* Preview Assets.xcassets */; };
		DDD1EBE12B8FBD7000C51920 /* FirebaseAnalytics in Frameworks */ = {isa = PBXBuildFile; productRef = DDD1EBE02B8FBD7000C51920 /* FirebaseAnalytics */; };
		DDD1EBE32B8FBD7000C51920 /* FirebaseAnalyticsOnDeviceConversion in Frameworks */ = {isa = PBXBuildFile; productRef = DDD1EBE22B8FBD7000C51920 /* FirebaseAnalyticsOnDeviceConversion */; };
		DDD1EBE52B8FBD7000C51920 /* FirebaseAnalyticsSwift in Frameworks */ = {isa = PBXBuildFile; productRef = DDD1EBE42B8FBD7000C51920 /* FirebaseAnalyticsSwift */; };
		DDD1EBE72B8FBD7000C51920 /* FirebaseAnalyticsWithoutAdIdSupport in Frameworks */ = {isa = PBXBuildFile; productRef = DDD1EBE62B8FBD7000C51920 /* FirebaseAnalyticsWithoutAdIdSupport */; };
		DDD1EBE92B8FBD7000C51920 /* FirebaseAppCheck in Frameworks */ = {isa = PBXBuildFile; productRef = DDD1EBE82B8FBD7000C51920 /* FirebaseAppCheck */; };
		DDD1EBEB2B8FBD7000C51920 /* FirebaseAppDistribution-Beta in Frameworks */ = {isa = PBXBuildFile; productRef = DDD1EBEA2B8FBD7000C51920 /* FirebaseAppDistribution-Beta */; };
		DDD1EBED2B8FBD7000C51920 /* FirebaseAuth in Frameworks */ = {isa = PBXBuildFile; productRef = DDD1EBEC2B8FBD7000C51920 /* FirebaseAuth */; };
		DDD1EBEF2B8FBD7000C51920 /* FirebaseAuthCombine-Community in Frameworks */ = {isa = PBXBuildFile; productRef = DDD1EBEE2B8FBD7000C51920 /* FirebaseAuthCombine-Community */; };
		DDD1EBF12B8FBD7000C51920 /* FirebaseCrashlytics in Frameworks */ = {isa = PBXBuildFile; productRef = DDD1EBF02B8FBD7000C51920 /* FirebaseCrashlytics */; };
		DDD1EBF32B8FBD7000C51920 /* FirebaseDatabase in Frameworks */ = {isa = PBXBuildFile; productRef = DDD1EBF22B8FBD7000C51920 /* FirebaseDatabase */; };
		DDD1EBF52B8FBD7000C51920 /* FirebaseDatabaseSwift in Frameworks */ = {isa = PBXBuildFile; productRef = DDD1EBF42B8FBD7000C51920 /* FirebaseDatabaseSwift */; };
		DDD1EBF72B8FBD7000C51920 /* FirebaseDynamicLinks in Frameworks */ = {isa = PBXBuildFile; productRef = DDD1EBF62B8FBD7000C51920 /* FirebaseDynamicLinks */; };
		DDD1EBF92B8FBD7000C51920 /* FirebaseFirestore in Frameworks */ = {isa = PBXBuildFile; productRef = DDD1EBF82B8FBD7000C51920 /* FirebaseFirestore */; };
		DDD1EBFB2B8FBD7000C51920 /* FirebaseFirestoreCombine-Community in Frameworks */ = {isa = PBXBuildFile; productRef = DDD1EBFA2B8FBD7000C51920 /* FirebaseFirestoreCombine-Community */; };
		DDD1EBFD2B8FBD7000C51920 /* FirebaseFirestoreSwift in Frameworks */ = {isa = PBXBuildFile; productRef = DDD1EBFC2B8FBD7000C51920 /* FirebaseFirestoreSwift */; };
		DDD1EBFF2B8FBD7000C51920 /* FirebaseFunctions in Frameworks */ = {isa = PBXBuildFile; productRef = DDD1EBFE2B8FBD7000C51920 /* FirebaseFunctions */; };
		DDD1EC012B8FBD7000C51920 /* FirebaseFunctionsCombine-Community in Frameworks */ = {isa = PBXBuildFile; productRef = DDD1EC002B8FBD7000C51920 /* FirebaseFunctionsCombine-Community */; };
		DDD1EC032B8FBD7000C51920 /* FirebaseInAppMessaging-Beta in Frameworks */ = {isa = PBXBuildFile; productRef = DDD1EC022B8FBD7000C51920 /* FirebaseInAppMessaging-Beta */; };
		DDD1EC052B8FBD7000C51920 /* FirebaseInAppMessagingSwift-Beta in Frameworks */ = {isa = PBXBuildFile; productRef = DDD1EC042B8FBD7000C51920 /* FirebaseInAppMessagingSwift-Beta */; };
		DDD1EC072B8FBD7000C51920 /* FirebaseInstallations in Frameworks */ = {isa = PBXBuildFile; productRef = DDD1EC062B8FBD7000C51920 /* FirebaseInstallations */; };
		DDD1EC092B8FBD7000C51920 /* FirebaseMLModelDownloader in Frameworks */ = {isa = PBXBuildFile; productRef = DDD1EC082B8FBD7000C51920 /* FirebaseMLModelDownloader */; };
		DDD1EC0B2B8FBD7000C51920 /* FirebaseMessaging in Frameworks */ = {isa = PBXBuildFile; productRef = DDD1EC0A2B8FBD7000C51920 /* FirebaseMessaging */; };
		DDD1EC0D2B8FBD7000C51920 /* FirebasePerformance in Frameworks */ = {isa = PBXBuildFile; productRef = DDD1EC0C2B8FBD7000C51920 /* FirebasePerformance */; };
		DDD1EC0F2B8FBD7000C51920 /* FirebaseRemoteConfig in Frameworks */ = {isa = PBXBuildFile; productRef = DDD1EC0E2B8FBD7000C51920 /* FirebaseRemoteConfig */; };
		DDD1EC112B8FBD7000C51920 /* FirebaseRemoteConfigSwift in Frameworks */ = {isa = PBXBuildFile; productRef = DDD1EC102B8FBD7000C51920 /* FirebaseRemoteConfigSwift */; };
		DDD1EC132B8FBD7000C51920 /* FirebaseStorage in Frameworks */ = {isa = PBXBuildFile; productRef = DDD1EC122B8FBD7000C51920 /* FirebaseStorage */; };
		DDD1EC152B8FBD7000C51920 /* FirebaseStorageCombine-Community in Frameworks */ = {isa = PBXBuildFile; productRef = DDD1EC142B8FBD7000C51920 /* FirebaseStorageCombine-Community */; };
		DDD1EC172B8FBFFF00C51920 /* GoogleService-Info.plist in Resources */ = {isa = PBXBuildFile; fileRef = DDD1EC162B8FBFFF00C51920 /* GoogleService-Info.plist */; };
/* End PBXBuildFile section */

/* Begin PBXFileReference section */
		DDBE2ECD2B91196100877F78 /* LoginView.swift */ = {isa = PBXFileReference; lastKnownFileType = sourcecode.swift; path = LoginView.swift; sourceTree = "<group>"; };
		DDBE2ED12B911A5B00877F78 /* InputTextFieldView.swift */ = {isa = PBXFileReference; lastKnownFileType = sourcecode.swift; path = InputTextFieldView.swift; sourceTree = "<group>"; };
		DDBE2ED42B911D8200877F78 /* PreviewLayoutComponentModifier.swift */ = {isa = PBXFileReference; lastKnownFileType = sourcecode.swift; path = PreviewLayoutComponentModifier.swift; sourceTree = "<group>"; };
		DDD1EBCE2B8FBBB700C51920 /* DatabaseTesting.app */ = {isa = PBXFileReference; explicitFileType = wrapper.application; includeInIndex = 0; path = DatabaseTesting.app; sourceTree = BUILT_PRODUCTS_DIR; };
		DDD1EBD12B8FBBB700C51920 /* DatabaseTestingApp.swift */ = {isa = PBXFileReference; lastKnownFileType = sourcecode.swift; path = DatabaseTestingApp.swift; sourceTree = "<group>"; };
		DDD1EBD52B8FBBB900C51920 /* Assets.xcassets */ = {isa = PBXFileReference; lastKnownFileType = folder.assetcatalog; path = Assets.xcassets; sourceTree = "<group>"; };
		DDD1EBD82B8FBBB900C51920 /* Preview Assets.xcassets */ = {isa = PBXFileReference; lastKnownFileType = folder.assetcatalog; path = "Preview Assets.xcassets"; sourceTree = "<group>"; };
		DDD1EC162B8FBFFF00C51920 /* GoogleService-Info.plist */ = {isa = PBXFileReference; fileEncoding = 4; lastKnownFileType = text.plist.xml; path = "GoogleService-Info.plist"; sourceTree = "<group>"; };
/* End PBXFileReference section */

/* Begin PBXFrameworksBuildPhase section */
		DDD1EBCB2B8FBBB700C51920 /* Frameworks */ = {
			isa = PBXFrameworksBuildPhase;
			buildActionMask = 2147483647;
			files = (
				DDD1EBF32B8FBD7000C51920 /* FirebaseDatabase in Frameworks */,
				DDD1EC012B8FBD7000C51920 /* FirebaseFunctionsCombine-Community in Frameworks */,
				DDD1EBF92B8FBD7000C51920 /* FirebaseFirestore in Frameworks */,
				DDD1EBE52B8FBD7000C51920 /* FirebaseAnalyticsSwift in Frameworks */,
				DDD1EBE12B8FBD7000C51920 /* FirebaseAnalytics in Frameworks */,
				DDD1EBE32B8FBD7000C51920 /* FirebaseAnalyticsOnDeviceConversion in Frameworks */,
				DDD1EC092B8FBD7000C51920 /* FirebaseMLModelDownloader in Frameworks */,
				DDD1EBFD2B8FBD7000C51920 /* FirebaseFirestoreSwift in Frameworks */,
				DDD1EBE92B8FBD7000C51920 /* FirebaseAppCheck in Frameworks */,
				DDD1EBE72B8FBD7000C51920 /* FirebaseAnalyticsWithoutAdIdSupport in Frameworks */,
				DDD1EBED2B8FBD7000C51920 /* FirebaseAuth in Frameworks */,
				DDD1EBF12B8FBD7000C51920 /* FirebaseCrashlytics in Frameworks */,
				DDD1EC112B8FBD7000C51920 /* FirebaseRemoteConfigSwift in Frameworks */,
				DDD1EC032B8FBD7000C51920 /* FirebaseInAppMessaging-Beta in Frameworks */,
				DDD1EBF52B8FBD7000C51920 /* FirebaseDatabaseSwift in Frameworks */,
				DDD1EBFF2B8FBD7000C51920 /* FirebaseFunctions in Frameworks */,
				DDD1EC152B8FBD7000C51920 /* FirebaseStorageCombine-Community in Frameworks */,
				DDD1EC0F2B8FBD7000C51920 /* FirebaseRemoteConfig in Frameworks */,
				DDD1EBEB2B8FBD7000C51920 /* FirebaseAppDistribution-Beta in Frameworks */,
				DDD1EBEF2B8FBD7000C51920 /* FirebaseAuthCombine-Community in Frameworks */,
				DDD1EC0D2B8FBD7000C51920 /* FirebasePerformance in Frameworks */,
				DDD1EC052B8FBD7000C51920 /* FirebaseInAppMessagingSwift-Beta in Frameworks */,
				DDD1EC132B8FBD7000C51920 /* FirebaseStorage in Frameworks */,
				DDD1EBF72B8FBD7000C51920 /* FirebaseDynamicLinks in Frameworks */,
				DDD1EBFB2B8FBD7000C51920 /* FirebaseFirestoreCombine-Community in Frameworks */,
				DDD1EC0B2B8FBD7000C51920 /* FirebaseMessaging in Frameworks */,
				DDD1EC072B8FBD7000C51920 /* FirebaseInstallations in Frameworks */,
			);
			runOnlyForDeploymentPostprocessing = 0;
		};
/* End PBXFrameworksBuildPhase section */

/* Begin PBXGroup section */
		DDBE2ECA2B91193400877F78 /* Feature */ = {
			isa = PBXGroup;
			children = (
				DDBE2ECB2B91194B00877F78 /* Login */,
			);
			path = Feature;
			sourceTree = "<group>";
		};
		DDBE2ECB2B91194B00877F78 /* Login */ = {
			isa = PBXGroup;
			children = (
				DDBE2ECC2B91195000877F78 /* View */,
			);
			path = Login;
			sourceTree = "<group>";
		};
		DDBE2ECC2B91195000877F78 /* View */ = {
			isa = PBXGroup;
			children = (
				DDBE2ECD2B91196100877F78 /* LoginView.swift */,
			);
			path = View;
			sourceTree = "<group>";
		};
		DDBE2ECF2B911A2C00877F78 /* Base */ = {
			isa = PBXGroup;
			children = (
				DDBE2ED32B911D5E00877F78 /* Modifier */,
				DDBE2ED02B911A3E00877F78 /* Views */,
			);
			path = Base;
			sourceTree = "<group>";
		};
		DDBE2ED02B911A3E00877F78 /* Views */ = {
			isa = PBXGroup;
			children = (
				DDBE2ED12B911A5B00877F78 /* InputTextFieldView.swift */,
			);
			path = Views;
			sourceTree = "<group>";
		};
		DDBE2ED32B911D5E00877F78 /* Modifier */ = {
			isa = PBXGroup;
			children = (
				DDBE2ED42B911D8200877F78 /* PreviewLayoutComponentModifier.swift */,
			);
			path = Modifier;
			sourceTree = "<group>";
		};
		DDD1EBC52B8FBBB700C51920 = {
			isa = PBXGroup;
			children = (
				DDD1EBD02B8FBBB700C51920 /* DatabaseTesting */,
				DDD1EBCF2B8FBBB700C51920 /* Products */,
			);
			sourceTree = "<group>";
		};
		DDD1EBCF2B8FBBB700C51920 /* Products */ = {
			isa = PBXGroup;
			children = (
				DDD1EBCE2B8FBBB700C51920 /* DatabaseTesting.app */,
			);
			name = Products;
			sourceTree = "<group>";
		};
		DDD1EBD02B8FBBB700C51920 /* DatabaseTesting */ = {
			isa = PBXGroup;
			children = (
				DDBE2ECF2B911A2C00877F78 /* Base */,
				DDBE2ECA2B91193400877F78 /* Feature */,
				DDD1EC162B8FBFFF00C51920 /* GoogleService-Info.plist */,
				DDD1EBD12B8FBBB700C51920 /* DatabaseTestingApp.swift */,
				DDD1EBD52B8FBBB900C51920 /* Assets.xcassets */,
				DDD1EBD72B8FBBB900C51920 /* Preview Content */,
			);
			path = DatabaseTesting;
			sourceTree = "<group>";
		};
		DDD1EBD72B8FBBB900C51920 /* Preview Content */ = {
			isa = PBXGroup;
			children = (
				DDD1EBD82B8FBBB900C51920 /* Preview Assets.xcassets */,
			);
			path = "Preview Content";
			sourceTree = "<group>";
		};
/* End PBXGroup section */

/* Begin PBXNativeTarget section */
		DDD1EBCD2B8FBBB700C51920 /* DatabaseTesting */ = {
			isa = PBXNativeTarget;
			buildConfigurationList = DDD1EBDC2B8FBBB900C51920 /* Build configuration list for PBXNativeTarget "DatabaseTesting" */;
			buildPhases = (
				DDD1EBCA2B8FBBB700C51920 /* Sources */,
				DDD1EBCB2B8FBBB700C51920 /* Frameworks */,
				DDD1EBCC2B8FBBB700C51920 /* Resources */,
				DDD1EC182B8FC12C00C51920 /* Crashlytics Run Script */,
			);
			buildRules = (
			);
			dependencies = (
			);
			name = DatabaseTesting;
			packageProductDependencies = (
				DDD1EBE02B8FBD7000C51920 /* FirebaseAnalytics */,
				DDD1EBE22B8FBD7000C51920 /* FirebaseAnalyticsOnDeviceConversion */,
				DDD1EBE42B8FBD7000C51920 /* FirebaseAnalyticsSwift */,
				DDD1EBE62B8FBD7000C51920 /* FirebaseAnalyticsWithoutAdIdSupport */,
				DDD1EBE82B8FBD7000C51920 /* FirebaseAppCheck */,
				DDD1EBEA2B8FBD7000C51920 /* FirebaseAppDistribution-Beta */,
				DDD1EBEC2B8FBD7000C51920 /* FirebaseAuth */,
				DDD1EBEE2B8FBD7000C51920 /* FirebaseAuthCombine-Community */,
				DDD1EBF02B8FBD7000C51920 /* FirebaseCrashlytics */,
				DDD1EBF22B8FBD7000C51920 /* FirebaseDatabase */,
				DDD1EBF42B8FBD7000C51920 /* FirebaseDatabaseSwift */,
				DDD1EBF62B8FBD7000C51920 /* FirebaseDynamicLinks */,
				DDD1EBF82B8FBD7000C51920 /* FirebaseFirestore */,
				DDD1EBFA2B8FBD7000C51920 /* FirebaseFirestoreCombine-Community */,
				DDD1EBFC2B8FBD7000C51920 /* FirebaseFirestoreSwift */,
				DDD1EBFE2B8FBD7000C51920 /* FirebaseFunctions */,
				DDD1EC002B8FBD7000C51920 /* FirebaseFunctionsCombine-Community */,
				DDD1EC022B8FBD7000C51920 /* FirebaseInAppMessaging-Beta */,
				DDD1EC042B8FBD7000C51920 /* FirebaseInAppMessagingSwift-Beta */,
				DDD1EC062B8FBD7000C51920 /* FirebaseInstallations */,
				DDD1EC082B8FBD7000C51920 /* FirebaseMLModelDownloader */,
				DDD1EC0A2B8FBD7000C51920 /* FirebaseMessaging */,
				DDD1EC0C2B8FBD7000C51920 /* FirebasePerformance */,
				DDD1EC0E2B8FBD7000C51920 /* FirebaseRemoteConfig */,
				DDD1EC102B8FBD7000C51920 /* FirebaseRemoteConfigSwift */,
				DDD1EC122B8FBD7000C51920 /* FirebaseStorage */,
				DDD1EC142B8FBD7000C51920 /* FirebaseStorageCombine-Community */,
			);
			productName = DatabaseTesting;
			productReference = DDD1EBCE2B8FBBB700C51920 /* DatabaseTesting.app */;
			productType = "com.apple.product-type.application";
		};
/* End PBXNativeTarget section */

/* Begin PBXProject section */
		DDD1EBC62B8FBBB700C51920 /* Project object */ = {
			isa = PBXProject;
			attributes = {
				BuildIndependentTargetsInParallel = 1;
				LastSwiftUpdateCheck = 1530;
				LastUpgradeCheck = 1530;
				TargetAttributes = {
					DDD1EBCD2B8FBBB700C51920 = {
						CreatedOnToolsVersion = 15.3;
					};
				};
			};
			buildConfigurationList = DDD1EBC92B8FBBB700C51920 /* Build configuration list for PBXProject "DatabaseTesting" */;
			compatibilityVersion = "Xcode 14.0";
			developmentRegion = en;
			hasScannedForEncodings = 0;
			knownRegions = (
				en,
				Base,
			);
			mainGroup = DDD1EBC52B8FBBB700C51920;
			packageReferences = (
				DDD1EBDF2B8FBD7000C51920 /* XCRemoteSwiftPackageReference "firebase-ios-sdk" */,
			);
			productRefGroup = DDD1EBCF2B8FBBB700C51920 /* Products */;
			projectDirPath = "";
			projectRoot = "";
			targets = (
				DDD1EBCD2B8FBBB700C51920 /* DatabaseTesting */,
			);
		};
/* End PBXProject section */

/* Begin PBXResourcesBuildPhase section */
		DDD1EBCC2B8FBBB700C51920 /* Resources */ = {
			isa = PBXResourcesBuildPhase;
			buildActionMask = 2147483647;
			files = (
				DDD1EBD92B8FBBB900C51920 /* Preview Assets.xcassets in Resources */,
				DDD1EBD62B8FBBB900C51920 /* Assets.xcassets in Resources */,
				DDD1EC172B8FBFFF00C51920 /* GoogleService-Info.plist in Resources */,
			);
			runOnlyForDeploymentPostprocessing = 0;
		};
/* End PBXResourcesBuildPhase section */

/* Begin PBXShellScriptBuildPhase section */
		DDD1EC182B8FC12C00C51920 /* Crashlytics Run Script */ = {
			isa = PBXShellScriptBuildPhase;
			buildActionMask = 2147483647;
			files = (
			);
			inputFileListPaths = (
			);
			inputPaths = (
				"${DWARF_DSYM_FOLDER_PATH}/${DWARF_DSYM_FILE_NAME}",
				"${DWARF_DSYM_FOLDER_PATH}/${DWARF_DSYM_FILE_NAME}/Contents/Resources/DWARF/${PRODUCT_NAME}",
				"${DWARF_DSYM_FOLDER_PATH}/${DWARF_DSYM_FILE_NAME}/Contents/Info.plist",
				"$(TARGET_BUILD_DIR)/$(UNLOCALIZED_RESOURCES_FOLDER_PATH)/GoogleService-Info.plist",
				"$(TARGET_BUILD_DIR)/$(EXECUTABLE_PATH)",
			);
			name = "Crashlytics Run Script";
			outputFileListPaths = (
			);
			outputPaths = (
			);
			runOnlyForDeploymentPostprocessing = 0;
			shellPath = /bin/sh;
			shellScript = "# Type a script or drag a script file from your workspace to insert its path.\n\"${BUILD_DIR%/Build/*}/SourcePackages/checkouts/firebase-ios-sdk/Crashlytics/run\"\n";
		};
/* End PBXShellScriptBuildPhase section */

/* Begin PBXSourcesBuildPhase section */
		DDD1EBCA2B8FBBB700C51920 /* Sources */ = {
			isa = PBXSourcesBuildPhase;
			buildActionMask = 2147483647;
			files = (
				DDBE2ECE2B91196100877F78 /* LoginView.swift in Sources */,
				DDBE2ED52B911D8200877F78 /* PreviewLayoutComponentModifier.swift in Sources */,
				DDD1EBD22B8FBBB700C51920 /* DatabaseTestingApp.swift in Sources */,
				DDBE2ED22B911A5B00877F78 /* InputTextFieldView.swift in Sources */,
			);
			runOnlyForDeploymentPostprocessing = 0;
		};
/* End PBXSourcesBuildPhase section */

/* Begin XCBuildConfiguration section */
		DDD1EBDA2B8FBBB900C51920 /* Debug */ = {
			isa = XCBuildConfiguration;
			buildSettings = {
				ALWAYS_SEARCH_USER_PATHS = NO;
				ASSETCATALOG_COMPILER_GENERATE_SWIFT_ASSET_SYMBOL_EXTENSIONS = YES;
				CLANG_ANALYZER_NONNULL = YES;
				CLANG_ANALYZER_NUMBER_OBJECT_CONVERSION = YES_AGGRESSIVE;
				CLANG_CXX_LANGUAGE_STANDARD = "gnu++20";
				CLANG_ENABLE_MODULES = YES;
				CLANG_ENABLE_OBJC_ARC = YES;
				CLANG_ENABLE_OBJC_WEAK = YES;
				CLANG_WARN_BLOCK_CAPTURE_AUTORELEASING = YES;
				CLANG_WARN_BOOL_CONVERSION = YES;
				CLANG_WARN_COMMA = YES;
				CLANG_WARN_CONSTANT_CONVERSION = YES;
				CLANG_WARN_DEPRECATED_OBJC_IMPLEMENTATIONS = YES;
				CLANG_WARN_DIRECT_OBJC_ISA_USAGE = YES_ERROR;
				CLANG_WARN_DOCUMENTATION_COMMENTS = YES;
				CLANG_WARN_EMPTY_BODY = YES;
				CLANG_WARN_ENUM_CONVERSION = YES;
				CLANG_WARN_INFINITE_RECURSION = YES;
				CLANG_WARN_INT_CONVERSION = YES;
				CLANG_WARN_NON_LITERAL_NULL_CONVERSION = YES;
				CLANG_WARN_OBJC_IMPLICIT_RETAIN_SELF = YES;
				CLANG_WARN_OBJC_LITERAL_CONVERSION = YES;
				CLANG_WARN_OBJC_ROOT_CLASS = YES_ERROR;
				CLANG_WARN_QUOTED_INCLUDE_IN_FRAMEWORK_HEADER = YES;
				CLANG_WARN_RANGE_LOOP_ANALYSIS = YES;
				CLANG_WARN_STRICT_PROTOTYPES = YES;
				CLANG_WARN_SUSPICIOUS_MOVE = YES;
				CLANG_WARN_UNGUARDED_AVAILABILITY = YES_AGGRESSIVE;
				CLANG_WARN_UNREACHABLE_CODE = YES;
				CLANG_WARN__DUPLICATE_METHOD_MATCH = YES;
				COPY_PHASE_STRIP = NO;
				DEBUG_INFORMATION_FORMAT = "dwarf-with-dsym";
				ENABLE_STRICT_OBJC_MSGSEND = YES;
				ENABLE_TESTABILITY = YES;
				ENABLE_USER_SCRIPT_SANDBOXING = YES;
				GCC_C_LANGUAGE_STANDARD = gnu17;
				GCC_DYNAMIC_NO_PIC = NO;
				GCC_NO_COMMON_BLOCKS = YES;
				GCC_OPTIMIZATION_LEVEL = 0;
				GCC_PREPROCESSOR_DEFINITIONS = (
					"DEBUG=1",
					"$(inherited)",
				);
				GCC_WARN_64_TO_32_BIT_CONVERSION = YES;
				GCC_WARN_ABOUT_RETURN_TYPE = YES_ERROR;
				GCC_WARN_UNDECLARED_SELECTOR = YES;
				GCC_WARN_UNINITIALIZED_AUTOS = YES_AGGRESSIVE;
				GCC_WARN_UNUSED_FUNCTION = YES;
				GCC_WARN_UNUSED_VARIABLE = YES;
				IPHONEOS_DEPLOYMENT_TARGET = 17.4;
				LOCALIZATION_PREFERS_STRING_CATALOGS = YES;
				MTL_ENABLE_DEBUG_INFO = INCLUDE_SOURCE;
				MTL_FAST_MATH = YES;
				ONLY_ACTIVE_ARCH = YES;
				OTHER_LDFLAGS = "-ObjC";
				SDKROOT = iphoneos;
				SWIFT_ACTIVE_COMPILATION_CONDITIONS = "DEBUG $(inherited)";
				SWIFT_OPTIMIZATION_LEVEL = "-Onone";
			};
			name = Debug;
		};
		DDD1EBDB2B8FBBB900C51920 /* Release */ = {
			isa = XCBuildConfiguration;
			buildSettings = {
				ALWAYS_SEARCH_USER_PATHS = NO;
				ASSETCATALOG_COMPILER_GENERATE_SWIFT_ASSET_SYMBOL_EXTENSIONS = YES;
				CLANG_ANALYZER_NONNULL = YES;
				CLANG_ANALYZER_NUMBER_OBJECT_CONVERSION = YES_AGGRESSIVE;
				CLANG_CXX_LANGUAGE_STANDARD = "gnu++20";
				CLANG_ENABLE_MODULES = YES;
				CLANG_ENABLE_OBJC_ARC = YES;
				CLANG_ENABLE_OBJC_WEAK = YES;
				CLANG_WARN_BLOCK_CAPTURE_AUTORELEASING = YES;
				CLANG_WARN_BOOL_CONVERSION = YES;
				CLANG_WARN_COMMA = YES;
				CLANG_WARN_CONSTANT_CONVERSION = YES;
				CLANG_WARN_DEPRECATED_OBJC_IMPLEMENTATIONS = YES;
				CLANG_WARN_DIRECT_OBJC_ISA_USAGE = YES_ERROR;
				CLANG_WARN_DOCUMENTATION_COMMENTS = YES;
				CLANG_WARN_EMPTY_BODY = YES;
				CLANG_WARN_ENUM_CONVERSION = YES;
				CLANG_WARN_INFINITE_RECURSION = YES;
				CLANG_WARN_INT_CONVERSION = YES;
				CLANG_WARN_NON_LITERAL_NULL_CONVERSION = YES;
				CLANG_WARN_OBJC_IMPLICIT_RETAIN_SELF = YES;
				CLANG_WARN_OBJC_LITERAL_CONVERSION = YES;
				CLANG_WARN_OBJC_ROOT_CLASS = YES_ERROR;
				CLANG_WARN_QUOTED_INCLUDE_IN_FRAMEWORK_HEADER = YES;
				CLANG_WARN_RANGE_LOOP_ANALYSIS = YES;
				CLANG_WARN_STRICT_PROTOTYPES = YES;
				CLANG_WARN_SUSPICIOUS_MOVE = YES;
				CLANG_WARN_UNGUARDED_AVAILABILITY = YES_AGGRESSIVE;
				CLANG_WARN_UNREACHABLE_CODE = YES;
				CLANG_WARN__DUPLICATE_METHOD_MATCH = YES;
				COPY_PHASE_STRIP = NO;
				DEBUG_INFORMATION_FORMAT = "dwarf-with-dsym";
				ENABLE_NS_ASSERTIONS = NO;
				ENABLE_STRICT_OBJC_MSGSEND = YES;
				ENABLE_USER_SCRIPT_SANDBOXING = YES;
				GCC_C_LANGUAGE_STANDARD = gnu17;
				GCC_NO_COMMON_BLOCKS = YES;
				GCC_WARN_64_TO_32_BIT_CONVERSION = YES;
				GCC_WARN_ABOUT_RETURN_TYPE = YES_ERROR;
				GCC_WARN_UNDECLARED_SELECTOR = YES;
				GCC_WARN_UNINITIALIZED_AUTOS = YES_AGGRESSIVE;
				GCC_WARN_UNUSED_FUNCTION = YES;
				GCC_WARN_UNUSED_VARIABLE = YES;
				IPHONEOS_DEPLOYMENT_TARGET = 17.4;
				LOCALIZATION_PREFERS_STRING_CATALOGS = YES;
				MTL_ENABLE_DEBUG_INFO = NO;
				MTL_FAST_MATH = YES;
				OTHER_LDFLAGS = "-ObjC";
				SDKROOT = iphoneos;
				SWIFT_COMPILATION_MODE = wholemodule;
				VALIDATE_PRODUCT = YES;
			};
			name = Release;
		};
		DDD1EBDD2B8FBBB900C51920 /* Debug */ = {
			isa = XCBuildConfiguration;
			buildSettings = {
				ASSETCATALOG_COMPILER_APPICON_NAME = AppIcon;
				ASSETCATALOG_COMPILER_GLOBAL_ACCENT_COLOR_NAME = AccentColor;
				CODE_SIGN_STYLE = Automatic;
				CURRENT_PROJECT_VERSION = 1;
				DEBUG_INFORMATION_FORMAT = "dwarf-with-dsym";
				DEVELOPMENT_ASSET_PATHS = "\"DatabaseTesting/Preview Content\"";
				DEVELOPMENT_TEAM = W49998LVKV;
				ENABLE_PREVIEWS = YES;
				GENERATE_INFOPLIST_FILE = YES;
				INFOPLIST_KEY_UIApplicationSceneManifest_Generation = YES;
				INFOPLIST_KEY_UIApplicationSupportsIndirectInputEvents = YES;
				INFOPLIST_KEY_UILaunchScreen_Generation = YES;
				INFOPLIST_KEY_UISupportedInterfaceOrientations_iPad = "UIInterfaceOrientationPortrait UIInterfaceOrientationPortraitUpsideDown UIInterfaceOrientationLandscapeLeft UIInterfaceOrientationLandscapeRight";
				INFOPLIST_KEY_UISupportedInterfaceOrientations_iPhone = "UIInterfaceOrientationPortrait UIInterfaceOrientationLandscapeLeft UIInterfaceOrientationLandscapeRight";
				LD_RUNPATH_SEARCH_PATHS = (
					"$(inherited)",
					"@executable_path/Frameworks",
				);
				MARKETING_VERSION = 1.0;
				OTHER_LDFLAGS = "-ObjC";
				PRODUCT_BUNDLE_IDENTIFIER = com.olegplugaru.DatabaseTesting;
				PRODUCT_NAME = "$(TARGET_NAME)";
				SWIFT_EMIT_LOC_STRINGS = YES;
				SWIFT_VERSION = 5.0;
				TARGETED_DEVICE_FAMILY = "1,2";
			};
			name = Debug;
		};
		DDD1EBDE2B8FBBB900C51920 /* Release */ = {
			isa = XCBuildConfiguration;
			buildSettings = {
				ASSETCATALOG_COMPILER_APPICON_NAME = AppIcon;
				ASSETCATALOG_COMPILER_GLOBAL_ACCENT_COLOR_NAME = AccentColor;
				CODE_SIGN_STYLE = Automatic;
				CURRENT_PROJECT_VERSION = 1;
				DEVELOPMENT_ASSET_PATHS = "\"DatabaseTesting/Preview Content\"";
				DEVELOPMENT_TEAM = W49998LVKV;
				ENABLE_PREVIEWS = YES;
				GENERATE_INFOPLIST_FILE = YES;
				INFOPLIST_KEY_UIApplicationSceneManifest_Generation = YES;
				INFOPLIST_KEY_UIApplicationSupportsIndirectInputEvents = YES;
				INFOPLIST_KEY_UILaunchScreen_Generation = YES;
				INFOPLIST_KEY_UISupportedInterfaceOrientations_iPad = "UIInterfaceOrientationPortrait UIInterfaceOrientationPortraitUpsideDown UIInterfaceOrientationLandscapeLeft UIInterfaceOrientationLandscapeRight";
				INFOPLIST_KEY_UISupportedInterfaceOrientations_iPhone = "UIInterfaceOrientationPortrait UIInterfaceOrientationLandscapeLeft UIInterfaceOrientationLandscapeRight";
				LD_RUNPATH_SEARCH_PATHS = (
					"$(inherited)",
					"@executable_path/Frameworks",
				);
				MARKETING_VERSION = 1.0;
				OTHER_LDFLAGS = "-ObjC";
				PRODUCT_BUNDLE_IDENTIFIER = com.olegplugaru.DatabaseTesting;
				PRODUCT_NAME = "$(TARGET_NAME)";
				SWIFT_EMIT_LOC_STRINGS = YES;
				SWIFT_VERSION = 5.0;
				TARGETED_DEVICE_FAMILY = "1,2";
			};
			name = Release;
		};
/* End XCBuildConfiguration section */

/* Begin XCConfigurationList section */
		DDD1EBC92B8FBBB700C51920 /* Build configuration list for PBXProject "DatabaseTesting" */ = {
			isa = XCConfigurationList;
			buildConfigurations = (
				DDD1EBDA2B8FBBB900C51920 /* Debug */,
				DDD1EBDB2B8FBBB900C51920 /* Release */,
			);
			defaultConfigurationIsVisible = 0;
			defaultConfigurationName = Release;
		};
		DDD1EBDC2B8FBBB900C51920 /* Build configuration list for PBXNativeTarget "DatabaseTesting" */ = {
			isa = XCConfigurationList;
			buildConfigurations = (
				DDD1EBDD2B8FBBB900C51920 /* Debug */,
				DDD1EBDE2B8FBBB900C51920 /* Release */,
			);
			defaultConfigurationIsVisible = 0;
			defaultConfigurationName = Release;
		};
/* End XCConfigurationList section */

/* Begin XCRemoteSwiftPackageReference section */
		DDD1EBDF2B8FBD7000C51920 /* XCRemoteSwiftPackageReference "firebase-ios-sdk" */ = {
			isa = XCRemoteSwiftPackageReference;
			repositoryURL = "https://github.com/firebase/firebase-ios-sdk";
			requirement = {
				kind = exactVersion;
				version = 10.19.0;
			};
		};
/* End XCRemoteSwiftPackageReference section */

/* Begin XCSwiftPackageProductDependency section */
		DDD1EBE02B8FBD7000C51920 /* FirebaseAnalytics */ = {
			isa = XCSwiftPackageProductDependency;
			package = DDD1EBDF2B8FBD7000C51920 /* XCRemoteSwiftPackageReference "firebase-ios-sdk" */;
			productName = FirebaseAnalytics;
		};
		DDD1EBE22B8FBD7000C51920 /* FirebaseAnalyticsOnDeviceConversion */ = {
			isa = XCSwiftPackageProductDependency;
			package = DDD1EBDF2B8FBD7000C51920 /* XCRemoteSwiftPackageReference "firebase-ios-sdk" */;
			productName = FirebaseAnalyticsOnDeviceConversion;
		};
		DDD1EBE42B8FBD7000C51920 /* FirebaseAnalyticsSwift */ = {
			isa = XCSwiftPackageProductDependency;
			package = DDD1EBDF2B8FBD7000C51920 /* XCRemoteSwiftPackageReference "firebase-ios-sdk" */;
			productName = FirebaseAnalyticsSwift;
		};
		DDD1EBE62B8FBD7000C51920 /* FirebaseAnalyticsWithoutAdIdSupport */ = {
			isa = XCSwiftPackageProductDependency;
			package = DDD1EBDF2B8FBD7000C51920 /* XCRemoteSwiftPackageReference "firebase-ios-sdk" */;
			productName = FirebaseAnalyticsWithoutAdIdSupport;
		};
		DDD1EBE82B8FBD7000C51920 /* FirebaseAppCheck */ = {
			isa = XCSwiftPackageProductDependency;
			package = DDD1EBDF2B8FBD7000C51920 /* XCRemoteSwiftPackageReference "firebase-ios-sdk" */;
			productName = FirebaseAppCheck;
		};
		DDD1EBEA2B8FBD7000C51920 /* FirebaseAppDistribution-Beta */ = {
			isa = XCSwiftPackageProductDependency;
			package = DDD1EBDF2B8FBD7000C51920 /* XCRemoteSwiftPackageReference "firebase-ios-sdk" */;
			productName = "FirebaseAppDistribution-Beta";
		};
		DDD1EBEC2B8FBD7000C51920 /* FirebaseAuth */ = {
			isa = XCSwiftPackageProductDependency;
			package = DDD1EBDF2B8FBD7000C51920 /* XCRemoteSwiftPackageReference "firebase-ios-sdk" */;
			productName = FirebaseAuth;
		};
		DDD1EBEE2B8FBD7000C51920 /* FirebaseAuthCombine-Community */ = {
			isa = XCSwiftPackageProductDependency;
			package = DDD1EBDF2B8FBD7000C51920 /* XCRemoteSwiftPackageReference "firebase-ios-sdk" */;
			productName = "FirebaseAuthCombine-Community";
		};
		DDD1EBF02B8FBD7000C51920 /* FirebaseCrashlytics */ = {
			isa = XCSwiftPackageProductDependency;
			package = DDD1EBDF2B8FBD7000C51920 /* XCRemoteSwiftPackageReference "firebase-ios-sdk" */;
			productName = FirebaseCrashlytics;
		};
		DDD1EBF22B8FBD7000C51920 /* FirebaseDatabase */ = {
			isa = XCSwiftPackageProductDependency;
			package = DDD1EBDF2B8FBD7000C51920 /* XCRemoteSwiftPackageReference "firebase-ios-sdk" */;
			productName = FirebaseDatabase;
		};
		DDD1EBF42B8FBD7000C51920 /* FirebaseDatabaseSwift */ = {
			isa = XCSwiftPackageProductDependency;
			package = DDD1EBDF2B8FBD7000C51920 /* XCRemoteSwiftPackageReference "firebase-ios-sdk" */;
			productName = FirebaseDatabaseSwift;
		};
		DDD1EBF62B8FBD7000C51920 /* FirebaseDynamicLinks */ = {
			isa = XCSwiftPackageProductDependency;
			package = DDD1EBDF2B8FBD7000C51920 /* XCRemoteSwiftPackageReference "firebase-ios-sdk" */;
			productName = FirebaseDynamicLinks;
		};
		DDD1EBF82B8FBD7000C51920 /* FirebaseFirestore */ = {
			isa = XCSwiftPackageProductDependency;
			package = DDD1EBDF2B8FBD7000C51920 /* XCRemoteSwiftPackageReference "firebase-ios-sdk" */;
			productName = FirebaseFirestore;
		};
		DDD1EBFA2B8FBD7000C51920 /* FirebaseFirestoreCombine-Community */ = {
			isa = XCSwiftPackageProductDependency;
			package = DDD1EBDF2B8FBD7000C51920 /* XCRemoteSwiftPackageReference "firebase-ios-sdk" */;
			productName = "FirebaseFirestoreCombine-Community";
		};
		DDD1EBFC2B8FBD7000C51920 /* FirebaseFirestoreSwift */ = {
			isa = XCSwiftPackageProductDependency;
			package = DDD1EBDF2B8FBD7000C51920 /* XCRemoteSwiftPackageReference "firebase-ios-sdk" */;
			productName = FirebaseFirestoreSwift;
		};
		DDD1EBFE2B8FBD7000C51920 /* FirebaseFunctions */ = {
			isa = XCSwiftPackageProductDependency;
			package = DDD1EBDF2B8FBD7000C51920 /* XCRemoteSwiftPackageReference "firebase-ios-sdk" */;
			productName = FirebaseFunctions;
		};
		DDD1EC002B8FBD7000C51920 /* FirebaseFunctionsCombine-Community */ = {
			isa = XCSwiftPackageProductDependency;
			package = DDD1EBDF2B8FBD7000C51920 /* XCRemoteSwiftPackageReference "firebase-ios-sdk" */;
			productName = "FirebaseFunctionsCombine-Community";
		};
		DDD1EC022B8FBD7000C51920 /* FirebaseInAppMessaging-Beta */ = {
			isa = XCSwiftPackageProductDependency;
			package = DDD1EBDF2B8FBD7000C51920 /* XCRemoteSwiftPackageReference "firebase-ios-sdk" */;
			productName = "FirebaseInAppMessaging-Beta";
		};
		DDD1EC042B8FBD7000C51920 /* FirebaseInAppMessagingSwift-Beta */ = {
			isa = XCSwiftPackageProductDependency;
			package = DDD1EBDF2B8FBD7000C51920 /* XCRemoteSwiftPackageReference "firebase-ios-sdk" */;
			productName = "FirebaseInAppMessagingSwift-Beta";
		};
		DDD1EC062B8FBD7000C51920 /* FirebaseInstallations */ = {
			isa = XCSwiftPackageProductDependency;
			package = DDD1EBDF2B8FBD7000C51920 /* XCRemoteSwiftPackageReference "firebase-ios-sdk" */;
			productName = FirebaseInstallations;
		};
		DDD1EC082B8FBD7000C51920 /* FirebaseMLModelDownloader */ = {
			isa = XCSwiftPackageProductDependency;
			package = DDD1EBDF2B8FBD7000C51920 /* XCRemoteSwiftPackageReference "firebase-ios-sdk" */;
			productName = FirebaseMLModelDownloader;
		};
		DDD1EC0A2B8FBD7000C51920 /* FirebaseMessaging */ = {
			isa = XCSwiftPackageProductDependency;
			package = DDD1EBDF2B8FBD7000C51920 /* XCRemoteSwiftPackageReference "firebase-ios-sdk" */;
			productName = FirebaseMessaging;
		};
		DDD1EC0C2B8FBD7000C51920 /* FirebasePerformance */ = {
			isa = XCSwiftPackageProductDependency;
			package = DDD1EBDF2B8FBD7000C51920 /* XCRemoteSwiftPackageReference "firebase-ios-sdk" */;
			productName = FirebasePerformance;
		};
		DDD1EC0E2B8FBD7000C51920 /* FirebaseRemoteConfig */ = {
			isa = XCSwiftPackageProductDependency;
			package = DDD1EBDF2B8FBD7000C51920 /* XCRemoteSwiftPackageReference "firebase-ios-sdk" */;
			productName = FirebaseRemoteConfig;
		};
		DDD1EC102B8FBD7000C51920 /* FirebaseRemoteConfigSwift */ = {
			isa = XCSwiftPackageProductDependency;
			package = DDD1EBDF2B8FBD7000C51920 /* XCRemoteSwiftPackageReference "firebase-ios-sdk" */;
			productName = FirebaseRemoteConfigSwift;
		};
		DDD1EC122B8FBD7000C51920 /* FirebaseStorage */ = {
			isa = XCSwiftPackageProductDependency;
			package = DDD1EBDF2B8FBD7000C51920 /* XCRemoteSwiftPackageReference "firebase-ios-sdk" */;
			productName = FirebaseStorage;
		};
		DDD1EC142B8FBD7000C51920 /* FirebaseStorageCombine-Community */ = {
			isa = XCSwiftPackageProductDependency;
			package = DDD1EBDF2B8FBD7000C51920 /* XCRemoteSwiftPackageReference "firebase-ios-sdk" */;
			productName = "FirebaseStorageCombine-Community";
		};
/* End XCSwiftPackageProductDependency section */
	};
	rootObject = DDD1EBC62B8FBBB700C51920 /* Project object */;
}
